
Microsoft Visual Studio Solution File, Format Version 12.00
# Visual Studio 15
VisualStudioVersion = 15.0.28010.2048
MinimumVisualStudioVersion = 10.0.40219.1
Project("{FAE04EC0-301F-11D3-BF4B-00C04F79EFBC}") = "NTiers.DataLayer", "Applications\NTiers.DataAccess\NTiers.DataLayer.csproj", "{AFE709FA-78F9-4FDE-996F-25AA5C9E8E83}"
EndProject
Project("{FAE04EC0-301F-11D3-BF4B-00C04F79EFBC}") = "NTiers.WebForm", "Applications\NTiers.WebForm\NTiers.WebForm.csproj", "{AA193BA3-2856-4884-A5A0-81755A464831}"
EndProject
Project("{FAE04EC0-301F-11D3-BF4B-00C04F79EFBC}") = "NTiers.AppLogic", "Applications\NTiers.AppLogic\NTiers.AppLogic.csproj", "{1EEA2040-D034-40D9-8E21-0DB24D5EA5C3}"
EndProject
Global
	GlobalSection(SolutionConfigurationPlatforms) = preSolution
		Debug|Any CPU = Debug|Any CPU
		Release|Any CPU = Release|Any CPU
	EndGlobalSection
	GlobalSection(ProjectConfigurationPlatforms) = postSolution
		{AFE709FA-78F9-4FDE-996F-25AA5C9E8E83}.Debug|Any CPU.ActiveCfg = Debug|Any CPU
		{AFE709FA-78F9-4FDE-996F-25AA5C9E8E83}.Debug|Any CPU.Build.0 = Debug|Any CPU
		{AFE709FA-78F9-4FDE-996F-25AA5C9E8E83}.Release|Any CPU.ActiveCfg = Release|Any CPU
		{AFE709FA-78F9-4FDE-996F-25AA5C9E8E83}.Release|Any CPU.Build.0 = Release|Any CPU
		{AA193BA3-2856-4884-A5A0-81755A464831}.Debug|Any CPU.ActiveCfg = Debug|Any CPU
		{AA193BA3-2856-4884-A5A0-81755A464831}.Debug|Any CPU.Build.0 = Debug|Any CPU
		{AA193BA3-2856-4884-A5A0-81755A464831}.Release|Any CPU.ActiveCfg = Release|Any CPU
		{AA193BA3-2856-4884-A5A0-81755A464831}.Release|Any CPU.Build.0 = Release|Any CPU
		{1EEA2040-D034-40D9-8E21-0DB24D5EA5C3}.Debug|Any CPU.ActiveCfg = Debug|Any CPU
		{1EEA2040-D034-40D9-8E21-0DB24D5EA5C3}.Debug|Any CPU.Build.0 = Debug|Any CPU
		{1EEA2040-D034-40D9-8E21-0DB24D5EA5C3}.Release|Any CPU.ActiveCfg = Release|Any CPU
		{1EEA2040-D034-40D9-8E21-0DB24D5EA5C3}.Release|Any CPU.Build.0 = Release|Any CPU
	EndGlobalSection
	GlobalSection(SolutionProperties) = preSolution
		HideSolutionNode = FALSE
	EndGlobalSection
	GlobalSection(ExtensibilityGlobals) = postSolution
		SolutionGuid = {52AC8A77-E4C2-4BCF-86AE-4288080FDDB4}
	EndGlobalSection
EndGlobal
